{
  "name": "437image-gallery",
  "lockfileVersion": 3,
  "requires": true,
  "packages": {
    "": {
      "dependencies": {
        "react-router": "^7.13.1"
      }
    },
    "node_modules/cookie": {
      "version": "1.1.1",
      "resolved": "https://registry.npmjs.org/cookie/-/cookie-1.1.1.tgz",
      "integrity": "sha512-ei8Aos7ja0weRpFzJnEA9UHJ/7XQmqglbRwnf2ATjcB9Wq874VKH9kfjjirM6UhU2/E5fFYadylyhFldcqSidQ==",
      "license": "MIT",
      "engines": {
        "node": ">=18"
      },
      "funding": {
        "type": "opencollective",
        "url": "https://opencollective.com/express"
      }
    },
    "node_modules/react": {
      "version": "19.2.4",
      "resolved": "https://registry.npmjs.org/react/-/react-19.2.4.tgz",
      "integrity": "sha512-9nfp2hYpCwOjAN+8TZFGhtWEwgvWHXqESH8qT89AT/lWklpLON22Lc8pEtnpsZz7VmawabSU0gCjnj8aC0euHQ==",
      "license": "MIT",
      "peer": true,
      "engines": {
        "node": ">=0.10.0"
      }
    },
    "node_modules/react-router": {
      "version": "7.13.1",
      "resolved": "https://registry.npmjs.org/react-router/-/react-router-7.13.1.tgz",
      "integrity": "sha512-td+xP4X2/6BJvZoX6xw++A2DdEi++YypA69bJUV5oVvqf6/9/9nNlD70YO1e9d3MyamJEBQFEzk6mbfDYbqrSA==",
      "license": "MIT",
      "dependencies": {
        "cookie": "^1.0.1",
        "set-cookie-parser": "^2.6.0"
      },
      "engines": {
        "node": ">=20.0.0"
      },
      "peerDependencies": {
        "react": ">=18",
        "react-dom": ">=18"
      },
      "peerDependenciesMeta": {
        "react-dom": {
          "optional": true
        }
      }
    },
    "node_modules/set-cookie-parser": {
      "version": "2.7.2",
      "resolved": "https://registry.npmjs.org/set-cookie-parser/-/set-cookie-parser-2.7.2.tgz",
      "integrity": "sha512-oeM1lpU/UvhTxw+g3cIfxXHyJRc/uidd3yK1P242gzHds0udQBYzs3y8j4gCCW+ZJ7ad0yctld8RYO+bdurlvw==",
      "license": "MIT"
    }
  }
}
